
Microsoft Visual Studio Solution File, Format Version 12.00
# Visual Studio Version 17
VisualStudioVersion = 17.0.31903.59
MinimumVisualStudioVersion = 10.0.40219.1
Project("{FAE04EC0-301F-11D3-BF4B-00C04F79EFBC}") = "DJ_AVA", "DJ_AVA\DJ_AVA.csproj", "{F7ADA5B9-5267-496D-8C78-B1B753331AC8}"
EndProject
Global
	GlobalSection(SolutionConfigurationPlatforms) = preSolution
		Debug|Any CPU = Debug|Any CPU
		Release|Any CPU = Release|Any CPU
	EndGlobalSection
	GlobalSection(ProjectConfigurationPlatforms) = postSolution
		{F7ADA5B9-5267-496D-8C78-B1B753331AC8}.Debug|Any CPU.ActiveCfg = Debug|Any CPU
		{F7ADA5B9-5267-496D-8C78-B1B753331AC8}.Debug|Any CPU.Build.0 = Debug|Any CPU
		{F7ADA5B9-5267-496D-8C78-B1B753331AC8}.Release|Any CPU.ActiveCfg = Release|Any CPU
		{F7ADA5B9-5267-496D-8C78-B1B753331AC8}.Release|Any CPU.Build.0 = Release|Any CPU
	EndGlobalSection
	GlobalSection(SolutionProperties) = preSolution
		HideSolutionNode = FALSE
	EndGlobalSection
	GlobalSection(ExtensibilityGlobals) = postSolution
		SolutionGuid = {5869A219-F720-452F-AFD6-A5625AD3732C}
	EndGlobalSection
EndGlobal
