
Microsoft Visual Studio Solution File, Format Version 12.00
# Visual Studio Version 17
VisualStudioVersion = 17.0.31903.59
MinimumVisualStudioVersion = 10.0.40219.1
Project("{9A19103F-16F7-4668-BE54-9A1E7A4F7556}") = "DJ_AVA", "DJ_AVA\DJ_AVA.csproj", "{F7ADA5B9-5267-496D-8C78-B1B753331AC8}"
EndProject
Project("{9A19103F-16F7-4668-BE54-9A1E7A4F7556}") = "DJAVA.Domain", "DJAVA.Domain\DJAVA.Domain.csproj", "{B9F90D97-8E54-4CB2-A69B-8E11EC236267}"
EndProject
Project("{2150E333-8FDC-42A3-9474-1A3956D46DE8}") = "src", "src", "{F934D5A5-9AD3-4E95-B7BB-1004EF30CA15}"
EndProject
Project("{2150E333-8FDC-42A3-9474-1A3956D46DE8}") = "test", "test", "{0463A4A0-4925-45CF-9D7D-8279285A7839}"
EndProject
Project("{2150E333-8FDC-42A3-9474-1A3956D46DE8}") = "core", "core", "{CC712F63-E2E2-45A5-A356-D02A86A00449}"
EndProject
Project("{FAE04EC0-301F-11D3-BF4B-00C04F79EFBC}") = "Domain", "src\core\Domain\Domain.csproj", "{BA57D7C7-E05D-400B-BC93-C696B7AB0FFC}"
EndProject
Global
	GlobalSection(SolutionConfigurationPlatforms) = preSolution
		Debug|Any CPU = Debug|Any CPU
		Release|Any CPU = Release|Any CPU
	EndGlobalSection
	GlobalSection(ProjectConfigurationPlatforms) = postSolution
		{F7ADA5B9-5267-496D-8C78-B1B753331AC8}.Debug|Any CPU.ActiveCfg = Debug|Any CPU
		{F7ADA5B9-5267-496D-8C78-B1B753331AC8}.Debug|Any CPU.Build.0 = Debug|Any CPU
		{F7ADA5B9-5267-496D-8C78-B1B753331AC8}.Release|Any CPU.ActiveCfg = Release|Any CPU
		{F7ADA5B9-5267-496D-8C78-B1B753331AC8}.Release|Any CPU.Build.0 = Release|Any CPU
		{B9F90D97-8E54-4CB2-A69B-8E11EC236267}.Debug|Any CPU.ActiveCfg = Debug|Any CPU
		{B9F90D97-8E54-4CB2-A69B-8E11EC236267}.Debug|Any CPU.Build.0 = Debug|Any CPU
		{B9F90D97-8E54-4CB2-A69B-8E11EC236267}.Release|Any CPU.ActiveCfg = Release|Any CPU
		{B9F90D97-8E54-4CB2-A69B-8E11EC236267}.Release|Any CPU.Build.0 = Release|Any CPU
		{BA57D7C7-E05D-400B-BC93-C696B7AB0FFC}.Debug|Any CPU.ActiveCfg = Debug|Any CPU
		{BA57D7C7-E05D-400B-BC93-C696B7AB0FFC}.Debug|Any CPU.Build.0 = Debug|Any CPU
		{BA57D7C7-E05D-400B-BC93-C696B7AB0FFC}.Release|Any CPU.ActiveCfg = Release|Any CPU
		{BA57D7C7-E05D-400B-BC93-C696B7AB0FFC}.Release|Any CPU.Build.0 = Release|Any CPU
	EndGlobalSection
	GlobalSection(SolutionProperties) = preSolution
		HideSolutionNode = FALSE
	EndGlobalSection
	GlobalSection(NestedProjects) = preSolution
		{CC712F63-E2E2-45A5-A356-D02A86A00449} = {F934D5A5-9AD3-4E95-B7BB-1004EF30CA15}
		{BA57D7C7-E05D-400B-BC93-C696B7AB0FFC} = {CC712F63-E2E2-45A5-A356-D02A86A00449}
	EndGlobalSection
	GlobalSection(ExtensibilityGlobals) = postSolution
		SolutionGuid = {5869A219-F720-452F-AFD6-A5625AD3732C}
	EndGlobalSection
EndGlobal
